
Microsoft Visual Studio Solution File, Format Version 12.00
# Visual Studio Version 17
VisualStudioVersion = 17.1.32210.238
MinimumVisualStudioVersion = 10.0.40219.1
Project("{FAE04EC0-301F-11D3-BF4B-00C04F79EFBC}") = "dsaDotNet", "dsaDotNet.csproj", "{92E58C13-D4FD-4D0A-8761-192A4723BC5A}"
EndProject
Global
	GlobalSection(SolutionConfigurationPlatforms) = preSolution
		Debug|Any CPU = Debug|Any CPU
		Release|Any CPU = Release|Any CPU
	EndGlobalSection
	GlobalSection(ProjectConfigurationPlatforms) = postSolution
		{92E58C13-D4FD-4D0A-8761-192A4723BC5A}.Debug|Any CPU.ActiveCfg = Debug|Any CPU
		{92E58C13-D4FD-4D0A-8761-192A4723BC5A}.Debug|Any CPU.Build.0 = Debug|Any CPU
		{92E58C13-D4FD-4D0A-8761-192A4723BC5A}.Release|Any CPU.ActiveCfg = Release|Any CPU
		{92E58C13-D4FD-4D0A-8761-192A4723BC5A}.Release|Any CPU.Build.0 = Release|Any CPU
	EndGlobalSection
	GlobalSection(SolutionProperties) = preSolution
		HideSolutionNode = FALSE
	EndGlobalSection
	GlobalSection(ExtensibilityGlobals) = postSolution
		SolutionGuid = {8E17B531-2084-4E0B-B3CB-BD7EEA17093A}
	EndGlobalSection
EndGlobal
